{
    "name": "node-red-project",
    "version": "0.0.1",
    "lockfileVersion": 1,
    "requires": true,
    "dependencies": {
        "@ia-cloud/node-grovepi": {
            "version": "2.2.2",
            "resolved": "https://registry.npmjs.org/@ia-cloud/node-grovepi/-/node-grovepi-2.2.2.tgz",
            "integrity": "sha512-IB97OzES1ntfxPA4+WFk3V7JggBLa62W1mWb2wlo040GuiSHTAlEQeNiRrbpZjRbxBD0spnsihlnWKC3x0XWyQ==",
            "requires": {
                "async": "1.5.2",
                "i2c-bus": "5.2.3",
                "mathjs": "3.17.0",
                "npmlog": "2.0.4"
            }
        },
        "amqplib": {
            "version": "0.10.8",
            "resolved": "https://registry.npmjs.org/amqplib/-/amqplib-0.10.8.tgz",
            "integrity": "sha512-Tfn1O9sFgAP8DqeMEpt2IacsVTENBpblB3SqLdn0jK2AeX8iyCvbptBc8lyATT9bQ31MsjVwUSQ1g8f4jHOUfw==",
            "requires": {
                "buffer-more-ints": "1.0.0",
                "url-parse": "1.5.10"
            }
        },
        "ansi": {
            "version": "0.3.1",
            "resolved": "https://registry.npmjs.org/ansi/-/ansi-0.3.1.tgz",
            "integrity": "sha512-iFY7JCgHbepc0b82yLaw4IMortylNb6wG4kL+4R0C3iv6i+RHGHux/yUX5BTiRvSX/shMnngjR1YyNMnXEFh5A=="
        },
        "are-we-there-yet": {
            "version": "1.1.7",
            "resolved": "https://registry.npmjs.org/are-we-there-yet/-/are-we-there-yet-1.1.7.tgz",
            "integrity": "sha512-nxwy40TuMiUGqMyRHgCSWZ9FM4VAoRP4xUYSTv5ImRog+h9yISPbVH7H8fASCIzYn9wlEv4zvFL7uKDMCFQm3g==",
            "requires": {
                "delegates": "1.0.0",
                "readable-stream": "2.3.8"
            }
        },
        "async": {
            "version": "1.5.2",
            "resolved": "https://registry.npmjs.org/async/-/async-1.5.2.tgz",
            "integrity": "sha512-nSVgobk4rv61R9PUSDtYt7mPVB2olxNR5RWJcAsH676/ef11bUZwvu7+RGYrYauVdDPcO519v68wRhXQtxsV9w=="
        },
        "bindings": {
            "version": "1.5.0",
            "resolved": "https://registry.npmjs.org/bindings/-/bindings-1.5.0.tgz",
            "integrity": "sha512-p2q/t/mhvuOj/UeLlV6566GD/guowlr0hHxClI0W9m7MWYkL1F0hLo+0Aexs9HSPCtR1SXQ0TD3MMKrXZajbiQ==",
            "requires": {
                "file-uri-to-path": "1.0.0"
            }
        },
        "buffer-more-ints": {
            "version": "1.0.0",
            "resolved": "https://registry.npmjs.org/buffer-more-ints/-/buffer-more-ints-1.0.0.tgz",
            "integrity": "sha512-EMetuGFz5SLsT0QTnXzINh4Ksr+oo4i+UGTXEshiGCQWnsgSs7ZhJ8fzlwQ+OzEMs0MpDAMr1hxnblp5a4vcHg=="
        },
        "complex.js": {
            "version": "2.0.4",
            "resolved": "https://registry.npmjs.org/complex.js/-/complex.js-2.0.4.tgz",
            "integrity": "sha512-Syl95HpxUTS0QjwNxencZsKukgh1zdS9uXeXX2Us0pHaqBR6kiZZi0AkZ9VpZFwHJyVIUVzI4EumjWdXP3fy6w=="
        },
        "core-util-is": {
            "version": "1.0.3",
            "resolved": "https://registry.npmjs.org/core-util-is/-/core-util-is-1.0.3.tgz",
            "integrity": "sha512-ZQBvi1DcpJ4GDqanjucZ2Hj3wEO5pZDS89BWbkcrvdxksJorwUDDZamX9ldFkp9aw2lmBDLgkObEA4DWNJ9FYQ=="
        },
        "decimal.js": {
            "version": "7.2.3",
            "resolved": "https://registry.npmjs.org/decimal.js/-/decimal.js-7.2.3.tgz",
            "integrity": "sha512-AoFI37QS0S87Ft0r3Bdz4q9xSpm1Paa9lSeKLXgMPk/u/+QPIM5Gy4DHcZQS1seqPJH4gHLauPGn347z0HbsrA=="
        },
        "delegates": {
            "version": "1.0.0",
            "resolved": "https://registry.npmjs.org/delegates/-/delegates-1.0.0.tgz",
            "integrity": "sha512-bd2L678uiWATM6m5Z1VzNCErI3jiGzt6HGY8OVICs40JQq/HALfbyNJmp0UDakEY4pMMaN0Ly5om/B1VI/+xfQ=="
        },
        "file-uri-to-path": {
            "version": "1.0.0",
            "resolved": "https://registry.npmjs.org/file-uri-to-path/-/file-uri-to-path-1.0.0.tgz",
            "integrity": "sha512-0Zt+s3L7Vf1biwWZ29aARiVYLx7iMGnEUl9x33fbB/j3jR81u/O2LbqK+Bm1CDSNDKVtJ/YjwY7TUd5SkeLQLw=="
        },
        "fraction.js": {
            "version": "4.0.2",
            "resolved": "https://registry.npmjs.org/fraction.js/-/fraction.js-4.0.2.tgz",
            "integrity": "sha512-OswcigOSil3vYXgrPSx4NCaSyPikXqVNYN/4CyhS0ucVOJ4GVYr6KQQLLcAudvS/4bBOzxqJ3XIsFaaMjl98ZQ=="
        },
        "fs": {
            "version": "0.0.1-security",
            "resolved": "https://registry.npmjs.org/fs/-/fs-0.0.1-security.tgz",
            "integrity": "sha512-3XY9e1pP0CVEUCdj5BmfIZxRBTSDycnbqhIOGec9QYtmVH2fbLpj86CFWkrNOkt/Fvty4KZG5lTglL9j/gJ87w=="
        },
        "fs-extra": {
            "version": "11.3.0",
            "resolved": "https://registry.npmjs.org/fs-extra/-/fs-extra-11.3.0.tgz",
            "integrity": "sha512-Z4XaCL6dUDHfP/jT25jJKMmtxvuwbkrD1vNSMFlo9lNLY2c5FHYSQgHPRZUjAB26TpDEoW9HCOgplrdbaPV/ew==",
            "requires": {
                "graceful-fs": "4.2.11",
                "jsonfile": "6.1.0",
                "universalify": "2.0.1"
            }
        },
        "gauge": {
            "version": "1.2.7",
            "resolved": "https://registry.npmjs.org/gauge/-/gauge-1.2.7.tgz",
            "integrity": "sha512-fVbU2wRE91yDvKUnrIaQlHKAWKY5e08PmztCrwuH5YVQ+Z/p3d0ny2T48o6uvAAXHIUnfaQdHkmxYbQft1eHVA==",
            "requires": {
                "ansi": "0.3.1",
                "has-unicode": "2.0.1",
                "lodash.pad": "4.5.1",
                "lodash.padend": "4.6.1",
                "lodash.padstart": "4.6.1"
            }
        },
        "graceful-fs": {
            "version": "4.2.11",
            "resolved": "https://registry.npmjs.org/graceful-fs/-/graceful-fs-4.2.11.tgz",
            "integrity": "sha512-RbJ5/jmFcNNCcDV5o9eTnBLJ/HszWV0P73bc+Ff4nS/rJj+YaS6IGyiOL0VoBYX+l1Wrl3k63h/KrH+nhJ0XvQ=="
        },
        "has-unicode": {
            "version": "2.0.1",
            "resolved": "https://registry.npmjs.org/has-unicode/-/has-unicode-2.0.1.tgz",
            "integrity": "sha512-8Rf9Y83NBReMnx0gFzA8JImQACstCYWUplepDa9xprwwtmgEZUF0h/i5xSA625zB/I37EtrswSST6OXxwaaIJQ=="
        },
        "i2c-bus": {
            "version": "5.2.3",
            "resolved": "https://registry.npmjs.org/i2c-bus/-/i2c-bus-5.2.3.tgz",
            "integrity": "sha512-kzFgU0OSIZlaeUUa+VK7L+kkxnj4feimCVQDOPrzj0cTaB+hNweTsO8/j7QvW2gRgWQ7ds5IpfFjpBrX+fMNng==",
            "requires": {
                "bindings": "1.5.0",
                "nan": "2.23.0"
            }
        },
        "inherits": {
            "version": "2.0.4",
            "resolved": "https://registry.npmjs.org/inherits/-/inherits-2.0.4.tgz",
            "integrity": "sha512-k/vGaX4/Yla3WzyMCvTQOXYeIHvqOKtnqBduzTHpzpQZzAskKMhZ2K+EnBiSM9zGSoIFeMpXKxa4dYeZIQqewQ=="
        },
        "is-utf8": {
            "version": "0.2.1",
            "resolved": "https://registry.npmjs.org/is-utf8/-/is-utf8-0.2.1.tgz",
            "integrity": "sha512-rMYPYvCzsXywIsldgLaSoPlw5PfoB/ssr7hY4pLfcodrA5M/eArza1a9VmTiNIBNMjOGr1Ow9mTyU2o69U6U9Q=="
        },
        "isarray": {
            "version": "1.0.0",
            "resolved": "https://registry.npmjs.org/isarray/-/isarray-1.0.0.tgz",
            "integrity": "sha512-VLghIWNM6ELQzo7zwmcg0NmTVyWKYjvIeM83yjp0wRDTmUnrM678fQbcKBo6n2CJEF0szoG//ytg+TKla89ALQ=="
        },
        "javascript-natural-sort": {
            "version": "0.7.1",
            "resolved": "https://registry.npmjs.org/javascript-natural-sort/-/javascript-natural-sort-0.7.1.tgz",
            "integrity": "sha512-nO6jcEfZWQXDhOiBtG2KvKyEptz7RVbpGP4vTD2hLBdmNQSsCiicO2Ioinv6UI4y9ukqnBpy+XZ9H6uLNgJTlw=="
        },
        "jsonfile": {
            "version": "6.1.0",
            "resolved": "https://registry.npmjs.org/jsonfile/-/jsonfile-6.1.0.tgz",
            "integrity": "sha512-5dgndWOriYSm5cnYaJNhalLNDKOqFwyDB/rr1E9ZsGciGvKPs8R2xYGCacuf3z6K1YKDz182fd+fY3cn3pMqXQ==",
            "requires": {
                "graceful-fs": "4.2.11",
                "universalify": "2.0.1"
            }
        },
        "lodash.pad": {
            "version": "4.5.1",
            "resolved": "https://registry.npmjs.org/lodash.pad/-/lodash.pad-4.5.1.tgz",
            "integrity": "sha512-mvUHifnLqM+03YNzeTBS1/Gr6JRFjd3rRx88FHWUvamVaT9k2O/kXha3yBSOwB9/DTQrSTLJNHvLBBt2FdX7Mg=="
        },
        "lodash.padend": {
            "version": "4.6.1",
            "resolved": "https://registry.npmjs.org/lodash.padend/-/lodash.padend-4.6.1.tgz",
            "integrity": "sha512-sOQs2aqGpbl27tmCS1QNZA09Uqp01ZzWfDUoD+xzTii0E7dSQfRKcRetFwa+uXaxaqL+TKm7CgD2JdKP7aZBSw=="
        },
        "lodash.padstart": {
            "version": "4.6.1",
            "resolved": "https://registry.npmjs.org/lodash.padstart/-/lodash.padstart-4.6.1.tgz",
            "integrity": "sha512-sW73O6S8+Tg66eY56DBk85aQzzUJDtpoXFBgELMd5P/SotAguo+1kYO6RuYgXxA4HJH3LFTFPASX6ET6bjfriw=="
        },
        "mathjs": {
            "version": "3.17.0",
            "resolved": "https://registry.npmjs.org/mathjs/-/mathjs-3.17.0.tgz",
            "integrity": "sha512-bFDSjjLV3+csekog1L6z3FjZ0uSkRPFcMlbLef8KXxq68jtQQ48W2f+JKJugM9y6KxJEtt1zWFIGQnYKWR0nxg==",
            "requires": {
                "complex.js": "2.0.4",
                "decimal.js": "7.2.3",
                "fraction.js": "4.0.2",
                "javascript-natural-sort": "0.7.1",
                "seed-random": "2.2.0",
                "tiny-emitter": "2.0.0",
                "typed-function": "0.10.6"
            }
        },
        "nan": {
            "version": "2.23.0",
            "resolved": "https://registry.npmjs.org/nan/-/nan-2.23.0.tgz",
            "integrity": "sha512-1UxuyYGdoQHcGg87Lkqm3FzefucTa0NAiOcuRsDmysep3c1LVCRK2krrUDafMWtjSG04htvAmvg96+SDknOmgQ=="
        },
        "node-forge": {
            "version": "1.3.1",
            "resolved": "https://registry.npmjs.org/node-forge/-/node-forge-1.3.1.tgz",
            "integrity": "sha512-dPEtOeMvF9VMcYV/1Wb8CPoVAXtp6MKMlcbAt4ddqmGqUJ6fQZFXkNZNkNlfevtNkGtaSoXf/vNNNSvgrdXwtA=="
        },
        "node-red-contrib-camerapi": {
            "version": "0.0.39",
            "resolved": "https://registry.npmjs.org/node-red-contrib-camerapi/-/node-red-contrib-camerapi-0.0.39.tgz",
            "integrity": "sha512-5JXUclCWaE9cHmDYpeLSYCURS1GrqPx9wTLi8aAn0feJkzejdl50P9wxRU5fkV+TTk1lTdtTxUuui+A2sKMCmg==",
            "requires": {
                "fs": "0.0.1-security",
                "fs-extra": "11.3.0",
                "is-utf8": "0.2.1",
                "uuid": "11.1.0"
            }
        },
        "node-red-contrib-crypto-blue": {
            "version": "0.0.5",
            "resolved": "https://registry.npmjs.org/node-red-contrib-crypto-blue/-/node-red-contrib-crypto-blue-0.0.5.tgz",
            "integrity": "sha512-7zXMDjS5hUXsDFhQCyEEvvy37fCFijgYjSEuhGfDioMgjGvQ+3NEJ1W6Gy0SA/EGGadTMxq0h+SItPFmsvH9ww==",
            "requires": {
                "node-forge": "1.3.1"
            }
        },
        "node-red-contrib-iot4h-grovepi": {
            "version": "1.1.0",
            "resolved": "https://registry.npmjs.org/node-red-contrib-iot4h-grovepi/-/node-red-contrib-iot4h-grovepi-1.1.0.tgz",
            "integrity": "sha512-8TrPCR5g4kSHGNFrq20YqPgLxDC5Jg93HgfATVu36ehF82Gu5/YKrFDO9wj5oUXOdocO0FKHmg2jhpEoCm7e5A==",
            "requires": {
                "@ia-cloud/node-grovepi": "2.2.2",
                "amqplib": "0.10.8",
                "i2c-bus": "5.2.3",
                "sleep": "6.3.0"
            }
        },
        "npmlog": {
            "version": "2.0.4",
            "resolved": "https://registry.npmjs.org/npmlog/-/npmlog-2.0.4.tgz",
            "integrity": "sha512-DaL6RTb8Qh4tMe2ttPT1qWccETy2Vi5/8p+htMpLBeXJTr2CAqnF5WQtSP2eFpvaNbhLZ5uilDb98mRm4Q+lZQ==",
            "requires": {
                "ansi": "0.3.1",
                "are-we-there-yet": "1.1.7",
                "gauge": "1.2.7"
            }
        },
        "process-nextick-args": {
            "version": "2.0.1",
            "resolved": "https://registry.npmjs.org/process-nextick-args/-/process-nextick-args-2.0.1.tgz",
            "integrity": "sha512-3ouUOpQhtgrbOa17J7+uxOTpITYWaGP7/AhoR3+A+/1e9skrzelGi/dXzEYyvbxubEF6Wn2ypscTKiKJFFn1ag=="
        },
        "querystringify": {
            "version": "2.2.0",
            "resolved": "https://registry.npmjs.org/querystringify/-/querystringify-2.2.0.tgz",
            "integrity": "sha512-FIqgj2EUvTa7R50u0rGsyTftzjYmv/a3hO345bZNrqabNqjtgiDMgmo4mkUjd+nzU5oF3dClKqFIPUKybUyqoQ=="
        },
        "readable-stream": {
            "version": "2.3.8",
            "resolved": "https://registry.npmjs.org/readable-stream/-/readable-stream-2.3.8.tgz",
            "integrity": "sha512-8p0AUk4XODgIewSi0l8Epjs+EVnWiK7NoDIEGU0HhE7+ZyY8D1IMY7odu5lRrFXGg71L15KG8QrPmum45RTtdA==",
            "requires": {
                "core-util-is": "1.0.3",
                "inherits": "2.0.4",
                "isarray": "1.0.0",
                "process-nextick-args": "2.0.1",
                "safe-buffer": "5.1.2",
                "string_decoder": "1.1.1",
                "util-deprecate": "1.0.2"
            }
        },
        "requires-port": {
            "version": "1.0.0",
            "resolved": "https://registry.npmjs.org/requires-port/-/requires-port-1.0.0.tgz",
            "integrity": "sha512-KigOCHcocU3XODJxsu8i/j8T9tzT4adHiecwORRQ0ZZFcp7ahwXuRU1m+yuO90C5ZUyGeGfocHDI14M3L3yDAQ=="
        },
        "safe-buffer": {
            "version": "5.1.2",
            "resolved": "https://registry.npmjs.org/safe-buffer/-/safe-buffer-5.1.2.tgz",
            "integrity": "sha512-Gd2UZBJDkXlY7GbJxfsE8/nvKkUEU1G38c1siN6QP6a9PT9MmHB8GnpscSmMJSoF8LOIrt8ud/wPtojys4G6+g=="
        },
        "seed-random": {
            "version": "2.2.0",
            "resolved": "https://registry.npmjs.org/seed-random/-/seed-random-2.2.0.tgz",
            "integrity": "sha512-34EQV6AAHQGhoc0tn/96a9Fsi6v2xdqe/dMUwljGRaFOzR3EgRmECvD0O8vi8X+/uQ50LGHfkNu/Eue5TPKZkQ=="
        },
        "sleep": {
            "version": "6.3.0",
            "resolved": "https://registry.npmjs.org/sleep/-/sleep-6.3.0.tgz",
            "integrity": "sha512-+WgYl951qdUlb1iS97UvQ01pkauoBK9ML9I/CMPg41v0Ze4EyMlTgFTDDo32iYj98IYqxIjDMRd+L71lawFfpQ==",
            "requires": {
                "nan": "2.23.0"
            }
        },
        "string_decoder": {
            "version": "1.1.1",
            "resolved": "https://registry.npmjs.org/string_decoder/-/string_decoder-1.1.1.tgz",
            "integrity": "sha512-n/ShnvDi6FHbbVfviro+WojiFzv+s8MPMHBczVePfUpDJLwoLT0ht1l4YwBCbi8pJAveEEdnkHyPyTP/mzRfwg==",
            "requires": {
                "safe-buffer": "5.1.2"
            }
        },
        "tiny-emitter": {
            "version": "2.0.0",
            "resolved": "https://registry.npmjs.org/tiny-emitter/-/tiny-emitter-2.0.0.tgz",
            "integrity": "sha512-Hh5QVuntdnilFEyhc7/Sah99H9Hez02lKdpW8eMooAheOhdbcplTmbbfBTyTIlNjROqJwo2C/XT0o1PZINdPAw=="
        },
        "typed-function": {
            "version": "0.10.6",
            "resolved": "https://registry.npmjs.org/typed-function/-/typed-function-0.10.6.tgz",
            "integrity": "sha512-PYtsDjxyW3vq7Itn2RMz0cn6CrbybIY6XC2i9c1q1o/H94QW8B1Pf3wSsbBDOCMpN1i5jDRrlDsLXFaqXBpfHQ=="
        },
        "universalify": {
            "version": "2.0.1",
            "resolved": "https://registry.npmjs.org/universalify/-/universalify-2.0.1.tgz",
            "integrity": "sha512-gptHNQghINnc/vTGIk0SOFGFNXw7JVrlRUtConJRlvaw6DuX0wO5Jeko9sWrMBhh+PsYAZ7oXAiOnf/UKogyiw=="
        },
        "url-parse": {
            "version": "1.5.10",
            "resolved": "https://registry.npmjs.org/url-parse/-/url-parse-1.5.10.tgz",
            "integrity": "sha512-WypcfiRhfeUP9vvF0j6rw0J3hrWrw6iZv3+22h6iRMJ/8z1Tj6XfLP4DsUix5MhMPnXpiHDoKyoZ/bdCkwBCiQ==",
            "requires": {
                "querystringify": "2.2.0",
                "requires-port": "1.0.0"
            }
        },
        "util-deprecate": {
            "version": "1.0.2",
            "resolved": "https://registry.npmjs.org/util-deprecate/-/util-deprecate-1.0.2.tgz",
            "integrity": "sha512-EPD5q1uXyFxJpCrLnCc1nHnq3gOa6DZBocAIiI2TaSCA7VCJ1UJDMagCzIkXNsUYfD1daK//LTEQ8xiIbrHtcw=="
        },
        "uuid": {
            "version": "11.1.0",
            "resolved": "https://registry.npmjs.org/uuid/-/uuid-11.1.0.tgz",
            "integrity": "sha512-0/A9rDy9P7cJ+8w1c9WD9V//9Wj15Ce2MPz8Ri6032usz+NfePxx5AcN3bN+r6ZL6jEo066/yNYB3tn4pQEx+A=="
        }
    }
}
